
Microsoft Visual Studio Solution File, Format Version 12.00
# Visual Studio Version 17
VisualStudioVersion = 17.7.34031.279
MinimumVisualStudioVersion = 10.0.40219.1
Project("{2150E333-8FDC-42A3-9474-1A3956D46DE8}") = "Task0", "Task0", "{42D8F5DE-4999-4AD2-B2BC-7CD94198BE2D}"
EndProject
Project("{FAE04EC0-301F-11D3-BF4B-00C04F79EFBC}") = "Tyuiu.SmirnovMN.Sprint3.Task0.V22", "Tyuiu.SmirnovMN.Sprint3.Task0.V22\Tyuiu.SmirnovMN.Sprint3.Task0.V22.csproj", "{60629567-19C1-4C81-B0C1-6FC4F674015D}"
EndProject
Project("{FAE04EC0-301F-11D3-BF4B-00C04F79EFBC}") = "Tyuiu.SmirnovMN.Sprint3.Task0.V22.Test", "Tyuiu.SmirnovMN.Sprint3.Task0.V22.Test\Tyuiu.SmirnovMN.Sprint3.Task0.V22.Test.csproj", "{26240F53-7088-402F-8C97-0D5DEE4C3E58}"
EndProject
Project("{FAE04EC0-301F-11D3-BF4B-00C04F79EFBC}") = "Tyuiu.SmirnovMN.Sprint3.Task0.V22.Lib", "Tyuiu.SmirnovMN.Sprint3.Task0.V22.Lib\Tyuiu.SmirnovMN.Sprint3.Task0.V22.Lib.csproj", "{A22A03E6-EE09-4B41-85FD-8D606F8234A3}"
EndProject
Project("{2150E333-8FDC-42A3-9474-1A3956D46DE8}") = "Task1", "Task1", "{19DF4418-6FE5-4F31-A697-D0A232045642}"
EndProject
Project("{FAE04EC0-301F-11D3-BF4B-00C04F79EFBC}") = "Tyuiu.SmirnovMN.Sprint3.Task1.V26", "Tyuiu.SmirnovMN.Sprint3.Task1.V26\Tyuiu.SmirnovMN.Sprint3.Task1.V26.csproj", "{18EE2B70-87CB-4E2E-AE29-51B0DE25EB27}"
EndProject
Project("{FAE04EC0-301F-11D3-BF4B-00C04F79EFBC}") = "Tyuiu.SmirnovMN.Sprint3.Task1.V26.Test", "Tyuiu.SmirnovMN.Sprint3.Task1.V26.Test\Tyuiu.SmirnovMN.Sprint3.Task1.V26.Test.csproj", "{46A8DA56-19A4-4C2D-AE90-71C912E80248}"
EndProject
Project("{FAE04EC0-301F-11D3-BF4B-00C04F79EFBC}") = "Tyuiu.SmirnovMN.Sprint3.Task1.V26.Lib", "Tyuiu.SmirnovMN.Sprint3.Task1.V26.Lib\Tyuiu.SmirnovMN.Sprint3.Task1.V26.Lib.csproj", "{F91882E0-31F6-454B-8517-D1C1F720C8D3}"
EndProject
Project("{2150E333-8FDC-42A3-9474-1A3956D46DE8}") = "Task4", "Task4", "{E597F663-9BA0-4736-B512-FBFE7866DABE}"
EndProject
Project("{FAE04EC0-301F-11D3-BF4B-00C04F79EFBC}") = "Tyuiu.SmirnovMN.Sprint3.Task4.V26", "Tyuiu.SmirnovMN.Sprint3.Task4.V26\Tyuiu.SmirnovMN.Sprint3.Task4.V26.csproj", "{551D0A5C-A1E6-482F-B84F-760CE066A5C2}"
EndProject
Project("{FAE04EC0-301F-11D3-BF4B-00C04F79EFBC}") = "Tyuiu.SmirnovMN.Sprint3.Task4.V26.Test", "Tyuiu.SmirnovMN.Sprint3.Task4.V26.Test\Tyuiu.SmirnovMN.Sprint3.Task4.V26.Test.csproj", "{48D1E9AD-2EEB-44F0-804B-BB9FFA06030A}"
EndProject
Project("{FAE04EC0-301F-11D3-BF4B-00C04F79EFBC}") = "Tyuiu.SmirnovMN.Sprint3.Task4.V26.Lib", "Tyuiu.SmirnovMN.Sprint3.Task4.V26.Lib\Tyuiu.SmirnovMN.Sprint3.Task4.V26.Lib.csproj", "{8F9C5803-CFEA-4967-8848-220C19043E33}"
EndProject
Project("{2150E333-8FDC-42A3-9474-1A3956D46DE8}") = "Task5", "Task5", "{47DED7E4-669E-48C3-957F-230714F11989}"
EndProject
Project("{FAE04EC0-301F-11D3-BF4B-00C04F79EFBC}") = "Tyuiu.SmirnovMN.Sprint3.Task5.V29", "Tyuiu.SmirnovMN.Sprint3.Task5.V29\Tyuiu.SmirnovMN.Sprint3.Task5.V29.csproj", "{15982D57-BB6F-4DC7-B0B1-BB431A0E0775}"
EndProject
Project("{FAE04EC0-301F-11D3-BF4B-00C04F79EFBC}") = "Tyuiu.SmirnovMN.Sprint3.Task5.V29.Lib", "Tyuiu.SmirnovMN.Sprint3.Task5.V29.Lib\Tyuiu.SmirnovMN.Sprint3.Task5.V29.Lib.csproj", "{409C7E52-38B0-44A0-8CAD-A99FFC367622}"
EndProject
Project("{FAE04EC0-301F-11D3-BF4B-00C04F79EFBC}") = "Tyuiu.SmirnovMN.Sprint3.Task5.V29.Test", "Tyuiu.SmirnovMN.Sprint3.Task5.V29.Test\Tyuiu.SmirnovMN.Sprint3.Task5.V29.Test.csproj", "{43CAD9FA-3BDD-4B85-8E1B-C33F2684D67E}"
EndProject
Global
	GlobalSection(SolutionConfigurationPlatforms) = preSolution
		Debug|Any CPU = Debug|Any CPU
		Release|Any CPU = Release|Any CPU
	EndGlobalSection
	GlobalSection(ProjectConfigurationPlatforms) = postSolution
		{60629567-19C1-4C81-B0C1-6FC4F674015D}.Debug|Any CPU.ActiveCfg = Debug|Any CPU
		{60629567-19C1-4C81-B0C1-6FC4F674015D}.Debug|Any CPU.Build.0 = Debug|Any CPU
		{60629567-19C1-4C81-B0C1-6FC4F674015D}.Release|Any CPU.ActiveCfg = Release|Any CPU
		{60629567-19C1-4C81-B0C1-6FC4F674015D}.Release|Any CPU.Build.0 = Release|Any CPU
		{26240F53-7088-402F-8C97-0D5DEE4C3E58}.Debug|Any CPU.ActiveCfg = Debug|Any CPU
		{26240F53-7088-402F-8C97-0D5DEE4C3E58}.Debug|Any CPU.Build.0 = Debug|Any CPU
		{26240F53-7088-402F-8C97-0D5DEE4C3E58}.Release|Any CPU.ActiveCfg = Release|Any CPU
		{26240F53-7088-402F-8C97-0D5DEE4C3E58}.Release|Any CPU.Build.0 = Release|Any CPU
		{A22A03E6-EE09-4B41-85FD-8D606F8234A3}.Debug|Any CPU.ActiveCfg = Debug|Any CPU
		{A22A03E6-EE09-4B41-85FD-8D606F8234A3}.Debug|Any CPU.Build.0 = Debug|Any CPU
		{A22A03E6-EE09-4B41-85FD-8D606F8234A3}.Release|Any CPU.ActiveCfg = Release|Any CPU
		{A22A03E6-EE09-4B41-85FD-8D606F8234A3}.Release|Any CPU.Build.0 = Release|Any CPU
		{18EE2B70-87CB-4E2E-AE29-51B0DE25EB27}.Debug|Any CPU.ActiveCfg = Debug|Any CPU
		{18EE2B70-87CB-4E2E-AE29-51B0DE25EB27}.Debug|Any CPU.Build.0 = Debug|Any CPU
		{18EE2B70-87CB-4E2E-AE29-51B0DE25EB27}.Release|Any CPU.ActiveCfg = Release|Any CPU
		{18EE2B70-87CB-4E2E-AE29-51B0DE25EB27}.Release|Any CPU.Build.0 = Release|Any CPU
		{46A8DA56-19A4-4C2D-AE90-71C912E80248}.Debug|Any CPU.ActiveCfg = Debug|Any CPU
		{46A8DA56-19A4-4C2D-AE90-71C912E80248}.Debug|Any CPU.Build.0 = Debug|Any CPU
		{46A8DA56-19A4-4C2D-AE90-71C912E80248}.Release|Any CPU.ActiveCfg = Release|Any CPU
		{46A8DA56-19A4-4C2D-AE90-71C912E80248}.Release|Any CPU.Build.0 = Release|Any CPU
		{F91882E0-31F6-454B-8517-D1C1F720C8D3}.Debug|Any CPU.ActiveCfg = Debug|Any CPU
		{F91882E0-31F6-454B-8517-D1C1F720C8D3}.Debug|Any CPU.Build.0 = Debug|Any CPU
		{F91882E0-31F6-454B-8517-D1C1F720C8D3}.Release|Any CPU.ActiveCfg = Release|Any CPU
		{F91882E0-31F6-454B-8517-D1C1F720C8D3}.Release|Any CPU.Build.0 = Release|Any CPU
		{551D0A5C-A1E6-482F-B84F-760CE066A5C2}.Debug|Any CPU.ActiveCfg = Debug|Any CPU
		{551D0A5C-A1E6-482F-B84F-760CE066A5C2}.Debug|Any CPU.Build.0 = Debug|Any CPU
		{551D0A5C-A1E6-482F-B84F-760CE066A5C2}.Release|Any CPU.ActiveCfg = Release|Any CPU
		{551D0A5C-A1E6-482F-B84F-760CE066A5C2}.Release|Any CPU.Build.0 = Release|Any CPU
		{48D1E9AD-2EEB-44F0-804B-BB9FFA06030A}.Debug|Any CPU.ActiveCfg = Debug|Any CPU
		{48D1E9AD-2EEB-44F0-804B-BB9FFA06030A}.Debug|Any CPU.Build.0 = Debug|Any CPU
		{48D1E9AD-2EEB-44F0-804B-BB9FFA06030A}.Release|Any CPU.ActiveCfg = Release|Any CPU
		{48D1E9AD-2EEB-44F0-804B-BB9FFA06030A}.Release|Any CPU.Build.0 = Release|Any CPU
		{8F9C5803-CFEA-4967-8848-220C19043E33}.Debug|Any CPU.ActiveCfg = Debug|Any CPU
		{8F9C5803-CFEA-4967-8848-220C19043E33}.Debug|Any CPU.Build.0 = Debug|Any CPU
		{8F9C5803-CFEA-4967-8848-220C19043E33}.Release|Any CPU.ActiveCfg = Release|Any CPU
		{8F9C5803-CFEA-4967-8848-220C19043E33}.Release|Any CPU.Build.0 = Release|Any CPU
		{15982D57-BB6F-4DC7-B0B1-BB431A0E0775}.Debug|Any CPU.ActiveCfg = Debug|Any CPU
		{15982D57-BB6F-4DC7-B0B1-BB431A0E0775}.Debug|Any CPU.Build.0 = Debug|Any CPU
		{15982D57-BB6F-4DC7-B0B1-BB431A0E0775}.Release|Any CPU.ActiveCfg = Release|Any CPU
		{15982D57-BB6F-4DC7-B0B1-BB431A0E0775}.Release|Any CPU.Build.0 = Release|Any CPU
		{409C7E52-38B0-44A0-8CAD-A99FFC367622}.Debug|Any CPU.ActiveCfg = Debug|Any CPU
		{409C7E52-38B0-44A0-8CAD-A99FFC367622}.Debug|Any CPU.Build.0 = Debug|Any CPU
		{409C7E52-38B0-44A0-8CAD-A99FFC367622}.Release|Any CPU.ActiveCfg = Release|Any CPU
		{409C7E52-38B0-44A0-8CAD-A99FFC367622}.Release|Any CPU.Build.0 = Release|Any CPU
		{43CAD9FA-3BDD-4B85-8E1B-C33F2684D67E}.Debug|Any CPU.ActiveCfg = Debug|Any CPU
		{43CAD9FA-3BDD-4B85-8E1B-C33F2684D67E}.Debug|Any CPU.Build.0 = Debug|Any CPU
		{43CAD9FA-3BDD-4B85-8E1B-C33F2684D67E}.Release|Any CPU.ActiveCfg = Release|Any CPU
		{43CAD9FA-3BDD-4B85-8E1B-C33F2684D67E}.Release|Any CPU.Build.0 = Release|Any CPU
	EndGlobalSection
	GlobalSection(SolutionProperties) = preSolution
		HideSolutionNode = FALSE
	EndGlobalSection
	GlobalSection(NestedProjects) = preSolution
		{60629567-19C1-4C81-B0C1-6FC4F674015D} = {42D8F5DE-4999-4AD2-B2BC-7CD94198BE2D}
		{26240F53-7088-402F-8C97-0D5DEE4C3E58} = {42D8F5DE-4999-4AD2-B2BC-7CD94198BE2D}
		{A22A03E6-EE09-4B41-85FD-8D606F8234A3} = {42D8F5DE-4999-4AD2-B2BC-7CD94198BE2D}
		{18EE2B70-87CB-4E2E-AE29-51B0DE25EB27} = {19DF4418-6FE5-4F31-A697-D0A232045642}
		{46A8DA56-19A4-4C2D-AE90-71C912E80248} = {19DF4418-6FE5-4F31-A697-D0A232045642}
		{F91882E0-31F6-454B-8517-D1C1F720C8D3} = {19DF4418-6FE5-4F31-A697-D0A232045642}
		{551D0A5C-A1E6-482F-B84F-760CE066A5C2} = {E597F663-9BA0-4736-B512-FBFE7866DABE}
		{48D1E9AD-2EEB-44F0-804B-BB9FFA06030A} = {E597F663-9BA0-4736-B512-FBFE7866DABE}
		{8F9C5803-CFEA-4967-8848-220C19043E33} = {E597F663-9BA0-4736-B512-FBFE7866DABE}
		{15982D57-BB6F-4DC7-B0B1-BB431A0E0775} = {47DED7E4-669E-48C3-957F-230714F11989}
		{409C7E52-38B0-44A0-8CAD-A99FFC367622} = {47DED7E4-669E-48C3-957F-230714F11989}
		{43CAD9FA-3BDD-4B85-8E1B-C33F2684D67E} = {47DED7E4-669E-48C3-957F-230714F11989}
	EndGlobalSection
	GlobalSection(ExtensibilityGlobals) = postSolution
		SolutionGuid = {1886A837-A52A-4D7B-A407-D67554DC3489}
	EndGlobalSection
EndGlobal
